
Microsoft Visual Studio Solution File, Format Version 12.00
# Visual Studio 14
VisualStudioVersion = 14.0.25420.1
MinimumVisualStudioVersion = 10.0.40219.1
Project("{FAE04EC0-301F-11D3-BF4B-00C04F79EFBC}") = "Frapid.Web", "Frapid.Web\Frapid.Web.csproj", "{77C7D586-FEE9-40E2-A1C4-699EF4B0A1F3}"
EndProject
Project("{2150E333-8FDC-42A3-9474-1A3956D46DE8}") = "Core", "Core", "{0DFA1BB9-74FE-4C63-B8AF-0B312ED992F6}"
EndProject
Project("{FAE04EC0-301F-11D3-BF4B-00C04F79EFBC}") = "Frapid.Configuration", "Libraries\Frapid.Configuration\Frapid.Configuration.csproj", "{CA3C3D39-6775-4234-B343-38F0724ADCF8}"
EndProject
Project("{FAE04EC0-301F-11D3-BF4B-00C04F79EFBC}") = "Frapid.DataAccess", "Libraries\Frapid.DataAccess\Frapid.DataAccess.csproj", "{9BEA3809-B6D5-4025-AE7E-868E5E7E9C76}"
EndProject
Project("{FAE04EC0-301F-11D3-BF4B-00C04F79EFBC}") = "Frapid.Framework", "Libraries\Frapid.Framework\Frapid.Framework.csproj", "{A4DEE358-3203-425C-80E9-8EBA0A01B73F}"
EndProject
Project("{FAE04EC0-301F-11D3-BF4B-00C04F79EFBC}") = "Frapid.i18n", "Libraries\Frapid.i18n\Frapid.i18n.csproj", "{88DFDF57-A52B-4D71-A0C4-BEF1A3839506}"
EndProject
Project("{FAE04EC0-301F-11D3-BF4B-00C04F79EFBC}") = "Frapid.Areas", "Libraries\Frapid.Areas\Frapid.Areas.csproj", "{0361910A-7773-4EE9-861B-FFC5636D82D1}"
EndProject
Project("{FAE04EC0-301F-11D3-BF4B-00C04F79EFBC}") = "Frapid.Installer", "Libraries\Frapid.Installer\Frapid.Installer.csproj", "{BFFE76A6-7E9D-42FA-AB3A-108BD2125923}"
EndProject
Project("{2150E333-8FDC-42A3-9474-1A3956D46DE8}") = "Modules", "Modules", "{23C8FECB-C7F3-4FF1-B2FF-8B296420C8CB}"
EndProject
Project("{FAE04EC0-301F-11D3-BF4B-00C04F79EFBC}") = "Frapid.ApplicationState", "Libraries\Frapid.ApplicationState\Frapid.ApplicationState.csproj", "{EF3D84F8-3D64-45D7-9050-3AE204F5AA72}"
EndProject
Project("{FAE04EC0-301F-11D3-BF4B-00C04F79EFBC}") = "Frapid.DbPolicy", "Libraries\Frapid.DbPolicy\Frapid.DbPolicy.csproj", "{E2C5690C-EF80-4AFA-8107-5E58A936B15F}"
EndProject
Project("{FAE04EC0-301F-11D3-BF4B-00C04F79EFBC}") = "Frapid.Messaging", "Libraries\Frapid.Messaging\Frapid.Messaging.csproj", "{9408FEDE-8A04-460D-8FD9-1C710C1BAAEB}"
EndProject
Project("{FAE04EC0-301F-11D3-BF4B-00C04F79EFBC}") = "Frapid.WebApi", "Libraries\Frapid.WebApi\Frapid.WebApi.csproj", "{BA48911F-16A7-4CC7-A04C-6559BAE1F89F}"
EndProject
Project("{FAE04EC0-301F-11D3-BF4B-00C04F79EFBC}") = "Frapid.TokenManager", "Libraries\Frapid.TokenManager\Frapid.TokenManager.csproj", "{EF3BDE7C-A3D5-493A-8817-BF47DF9CAE47}"
EndProject
Project("{2150E333-8FDC-42A3-9474-1A3956D46DE8}") = "Integration", "Integration", "{BF2A4AB4-6B8F-4AC1-B90A-4A238B082F85}"
EndProject
Project("{FAE04EC0-301F-11D3-BF4B-00C04F79EFBC}") = "Frapid.SendGridMail", "Integrations\Frapid.SendGridMail\Frapid.SendGridMail.csproj", "{695F3E2D-2DD0-418F-9805-B6400B6B4466}"
EndProject
Project("{FAE04EC0-301F-11D3-BF4B-00C04F79EFBC}") = "Frapid.Mailgun", "Integrations\Frapid.Mailgun\Frapid.Mailgun.csproj", "{123D352D-8DDF-49EF-9373-A4523A05DBDA}"
EndProject
Project("{FAE04EC0-301F-11D3-BF4B-00C04F79EFBC}") = "frapid", "Libraries\Frapid.CommandLine\frapid.csproj", "{CD47926F-7148-49A1-AD08-A96B74A3A5F6}"
EndProject
Project("{2150E333-8FDC-42A3-9474-1A3956D46DE8}") = "Console", "Console", "{1FB0A4E1-7F94-4FCB-A26B-312A7A3B5036}"
EndProject
Project("{FAE04EC0-301F-11D3-BF4B-00C04F79EFBC}") = "Frapid.Backups", "Libraries\Frapid.Backups\Frapid.Backups.csproj", "{8993AD31-C303-4CA0-92D9-C100585A78E5}"
EndProject
Project("{2150E333-8FDC-42A3-9474-1A3956D46DE8}") = "Tests", "Tests", "{4B708D47-066F-402E-839A-1318B4AE9009}"
EndProject
Project("{FAE04EC0-301F-11D3-BF4B-00C04F79EFBC}") = "Frapid.Framework.Tests", "Libraries\Tests\Frapid.Framework.Tests\Frapid.Framework.Tests.csproj", "{10258887-3CB5-4877-848B-7D7C45F516D2}"
EndProject
Project("{FAE04EC0-301F-11D3-BF4B-00C04F79EFBC}") = "Frapid.Configuration.Tests", "Libraries\Tests\Frapid.Configuration.Tests\Frapid.Configuration.Tests.csproj", "{3946F2A8-A530-47CA-A080-A17510F05FD0}"
EndProject
Project("{FAE04EC0-301F-11D3-BF4B-00C04F79EFBC}") = "Frapid.TokenManager.Tests", "Libraries\Tests\Frapid.TokenManager.Tests\Frapid.TokenManager.Tests.csproj", "{2A4373DC-DF0F-4119-A8C2-C7CCF16EF314}"
EndProject
Project("{2150E333-8FDC-42A3-9474-1A3956D46DE8}") = "Tests", "Tests", "{F4AC123C-9618-4915-B69B-C8319D7AFE6F}"
EndProject
Project("{FAE04EC0-301F-11D3-BF4B-00C04F79EFBC}") = "Frapid.Areas.Tests", "Libraries\Tests\Frapid.Areas.Tests\Frapid.Areas.Tests.csproj", "{4DF49869-7BB8-42B1-87AC-C5A5F0B87C54}"
EndProject
Project("{FAE04EC0-301F-11D3-BF4B-00C04F79EFBC}") = "Frapid.ApplicationState.Tests", "Libraries\Frapid.ApplicationState.Tests\Frapid.ApplicationState.Tests.csproj", "{2D50273B-17BE-4DD4-B747-02884BBACF3A}"
EndProject
Project("{FAE04EC0-301F-11D3-BF4B-00C04F79EFBC}") = "Frapid.AssetBundling", "Libraries\Frapid.AssetBundling\Frapid.AssetBundling.csproj", "{4E863154-9D48-4023-BB76-8405A98BCAFF}"
EndProject
Project("{FAE04EC0-301F-11D3-BF4B-00C04F79EFBC}") = "Frapid.Mapper", "Libraries\Frapid.Mapper\Frapid.Mapper.csproj", "{86545C4A-5202-4368-B013-EA37615CBD8E}"
EndProject
Project("{2150E333-8FDC-42A3-9474-1A3956D46DE8}") = "Areas", "Areas", "{6565B5F2-E2BE-4AA3-96C7-352A0C448379}"
EndProject
Project("{FAE04EC0-301F-11D3-BF4B-00C04F79EFBC}") = "Frapid.Account", "Frapid.Web\Areas\Frapid.Account\Frapid.Account.csproj", "{8C157E84-F635-43D6-AC97-B9FF062D8DBF}"
EndProject
Project("{FAE04EC0-301F-11D3-BF4B-00C04F79EFBC}") = "Frapid.Authorization", "Frapid.Web\Areas\Frapid.Authorization\Frapid.Authorization.csproj", "{7A5D03B8-72EB-4CD3-A606-BD81FAB083F5}"
EndProject
Project("{FAE04EC0-301F-11D3-BF4B-00C04F79EFBC}") = "MixERP.Sales", "Frapid.Web\Areas\MixERP.Sales\MixERP.Sales.csproj", "{6A15E401-9842-4A7B-A122-2CBF215CD63C}"
EndProject
Project("{FAE04EC0-301F-11D3-BF4B-00C04F79EFBC}") = "MixERP.Finance", "Frapid.Web\Areas\MixERP.Finance\MixERP.Finance.csproj", "{8AE5F3A7-46AA-47C5-8B83-5F028C6AE047}"
EndProject
Project("{FAE04EC0-301F-11D3-BF4B-00C04F79EFBC}") = "MixERP.Inventory", "Frapid.Web\Areas\MixERP.Inventory\MixERP.Inventory.csproj", "{878E7AF6-E270-467D-B282-3EE9B96502B9}"
EndProject
Project("{FAE04EC0-301F-11D3-BF4B-00C04F79EFBC}") = "MixERP.Purchases", "Frapid.Web\Areas\MixERP.Purchases\MixERP.Purchases.csproj", "{387E4744-C38A-4F62-A54E-174558AE082D}"
EndProject
Project("{FAE04EC0-301F-11D3-BF4B-00C04F79EFBC}") = "MixERP.Social", "Frapid.Web\Areas\MixERP.Social\MixERP.Social.csproj", "{015FE01C-9F96-42BB-9518-B8A0B112C5E4}"
EndProject
Project("{FAE04EC0-301F-11D3-BF4B-00C04F79EFBC}") = "MixERP.HRM", "Frapid.Web\Areas\MixERP.HRM\MixERP.HRM.csproj", "{BD8CD908-823C-47EF-A1C2-043A7227730C}"
EndProject
Project("{FAE04EC0-301F-11D3-BF4B-00C04F79EFBC}") = "Frapid.Twilio", "Integrations\Frapid.Twilio\Frapid.Twilio.csproj", "{20BA9D66-D484-4017-8723-776E080E7937}"
EndProject
Project("{FAE04EC0-301F-11D3-BF4B-00C04F79EFBC}") = "Frapid.Paylink", "Frapid.Web\Areas\Frapid.Paylink\Frapid.Paylink.csproj", "{9EA0F849-CA4C-4AA0-805A-462CECCF4347}"
EndProject
Project("{FAE04EC0-301F-11D3-BF4B-00C04F79EFBC}") = "Frapid.WebsiteBuilder", "Frapid.Web\Areas\Frapid.WebsiteBuilder\Frapid.WebsiteBuilder.csproj", "{F25BC404-D8CB-45CB-97D3-8DE0E538F6AC}"
EndProject
Project("{FAE04EC0-301F-11D3-BF4B-00C04F79EFBC}") = "Frapid.Events", "Libraries\Frapid.Events\Frapid.Events.csproj", "{37E1DC19-363E-49CA-853F-7113075296D7}"
EndProject
Project("{FAE04EC0-301F-11D3-BF4B-00C04F79EFBC}") = "Frapid.Core", "Frapid.Web\Areas\Frapid.Core\Frapid.Core.csproj", "{B51A45E5-2413-4AD6-BC9D-CB00D9540784}"
EndProject
Global
	GlobalSection(SolutionConfigurationPlatforms) = preSolution
		CI|Any CPU = CI|Any CPU
		Debug|Any CPU = Debug|Any CPU
		Release.Public|Any CPU = Release.Public|Any CPU
		Release|Any CPU = Release|Any CPU
	EndGlobalSection
	GlobalSection(ProjectConfigurationPlatforms) = postSolution
		{77C7D586-FEE9-40E2-A1C4-699EF4B0A1F3}.CI|Any CPU.ActiveCfg = Release|Any CPU
		{77C7D586-FEE9-40E2-A1C4-699EF4B0A1F3}.CI|Any CPU.Build.0 = Release|Any CPU
		{77C7D586-FEE9-40E2-A1C4-699EF4B0A1F3}.Debug|Any CPU.ActiveCfg = Debug|Any CPU
		{77C7D586-FEE9-40E2-A1C4-699EF4B0A1F3}.Debug|Any CPU.Build.0 = Debug|Any CPU
		{77C7D586-FEE9-40E2-A1C4-699EF4B0A1F3}.Release.Public|Any CPU.ActiveCfg = Release|Any CPU
		{77C7D586-FEE9-40E2-A1C4-699EF4B0A1F3}.Release.Public|Any CPU.Build.0 = Release|Any CPU
		{77C7D586-FEE9-40E2-A1C4-699EF4B0A1F3}.Release|Any CPU.ActiveCfg = Release|Any CPU
		{77C7D586-FEE9-40E2-A1C4-699EF4B0A1F3}.Release|Any CPU.Build.0 = Release|Any CPU
		{CA3C3D39-6775-4234-B343-38F0724ADCF8}.CI|Any CPU.ActiveCfg = Release|Any CPU
		{CA3C3D39-6775-4234-B343-38F0724ADCF8}.CI|Any CPU.Build.0 = Release|Any CPU
		{CA3C3D39-6775-4234-B343-38F0724ADCF8}.Debug|Any CPU.ActiveCfg = Debug|Any CPU
		{CA3C3D39-6775-4234-B343-38F0724ADCF8}.Debug|Any CPU.Build.0 = Debug|Any CPU
		{CA3C3D39-6775-4234-B343-38F0724ADCF8}.Release.Public|Any CPU.ActiveCfg = Release|Any CPU
		{CA3C3D39-6775-4234-B343-38F0724ADCF8}.Release.Public|Any CPU.Build.0 = Release|Any CPU
		{CA3C3D39-6775-4234-B343-38F0724ADCF8}.Release|Any CPU.ActiveCfg = Release|Any CPU
		{CA3C3D39-6775-4234-B343-38F0724ADCF8}.Release|Any CPU.Build.0 = Release|Any CPU
		{9BEA3809-B6D5-4025-AE7E-868E5E7E9C76}.CI|Any CPU.ActiveCfg = Release|Any CPU
		{9BEA3809-B6D5-4025-AE7E-868E5E7E9C76}.CI|Any CPU.Build.0 = Release|Any CPU
		{9BEA3809-B6D5-4025-AE7E-868E5E7E9C76}.Debug|Any CPU.ActiveCfg = Debug|Any CPU
		{9BEA3809-B6D5-4025-AE7E-868E5E7E9C76}.Debug|Any CPU.Build.0 = Debug|Any CPU
		{9BEA3809-B6D5-4025-AE7E-868E5E7E9C76}.Release.Public|Any CPU.ActiveCfg = Release|Any CPU
		{9BEA3809-B6D5-4025-AE7E-868E5E7E9C76}.Release.Public|Any CPU.Build.0 = Release|Any CPU
		{9BEA3809-B6D5-4025-AE7E-868E5E7E9C76}.Release|Any CPU.ActiveCfg = Release|Any CPU
		{9BEA3809-B6D5-4025-AE7E-868E5E7E9C76}.Release|Any CPU.Build.0 = Release|Any CPU
		{A4DEE358-3203-425C-80E9-8EBA0A01B73F}.CI|Any CPU.ActiveCfg = Release|Any CPU
		{A4DEE358-3203-425C-80E9-8EBA0A01B73F}.CI|Any CPU.Build.0 = Release|Any CPU
		{A4DEE358-3203-425C-80E9-8EBA0A01B73F}.Debug|Any CPU.ActiveCfg = Debug|Any CPU
		{A4DEE358-3203-425C-80E9-8EBA0A01B73F}.Debug|Any CPU.Build.0 = Debug|Any CPU
		{A4DEE358-3203-425C-80E9-8EBA0A01B73F}.Release.Public|Any CPU.ActiveCfg = Release|Any CPU
		{A4DEE358-3203-425C-80E9-8EBA0A01B73F}.Release.Public|Any CPU.Build.0 = Release|Any CPU
		{A4DEE358-3203-425C-80E9-8EBA0A01B73F}.Release|Any CPU.ActiveCfg = Release|Any CPU
		{A4DEE358-3203-425C-80E9-8EBA0A01B73F}.Release|Any CPU.Build.0 = Release|Any CPU
		{88DFDF57-A52B-4D71-A0C4-BEF1A3839506}.CI|Any CPU.ActiveCfg = Release|Any CPU
		{88DFDF57-A52B-4D71-A0C4-BEF1A3839506}.CI|Any CPU.Build.0 = Release|Any CPU
		{88DFDF57-A52B-4D71-A0C4-BEF1A3839506}.Debug|Any CPU.ActiveCfg = Debug|Any CPU
		{88DFDF57-A52B-4D71-A0C4-BEF1A3839506}.Debug|Any CPU.Build.0 = Debug|Any CPU
		{88DFDF57-A52B-4D71-A0C4-BEF1A3839506}.Release.Public|Any CPU.ActiveCfg = Release|Any CPU
		{88DFDF57-A52B-4D71-A0C4-BEF1A3839506}.Release.Public|Any CPU.Build.0 = Release|Any CPU
		{88DFDF57-A52B-4D71-A0C4-BEF1A3839506}.Release|Any CPU.ActiveCfg = Release|Any CPU
		{88DFDF57-A52B-4D71-A0C4-BEF1A3839506}.Release|Any CPU.Build.0 = Release|Any CPU
		{0361910A-7773-4EE9-861B-FFC5636D82D1}.CI|Any CPU.ActiveCfg = Release|Any CPU
		{0361910A-7773-4EE9-861B-FFC5636D82D1}.CI|Any CPU.Build.0 = Release|Any CPU
		{0361910A-7773-4EE9-861B-FFC5636D82D1}.Debug|Any CPU.ActiveCfg = Debug|Any CPU
		{0361910A-7773-4EE9-861B-FFC5636D82D1}.Debug|Any CPU.Build.0 = Debug|Any CPU
		{0361910A-7773-4EE9-861B-FFC5636D82D1}.Release.Public|Any CPU.ActiveCfg = Release|Any CPU
		{0361910A-7773-4EE9-861B-FFC5636D82D1}.Release.Public|Any CPU.Build.0 = Release|Any CPU
		{0361910A-7773-4EE9-861B-FFC5636D82D1}.Release|Any CPU.ActiveCfg = Release|Any CPU
		{0361910A-7773-4EE9-861B-FFC5636D82D1}.Release|Any CPU.Build.0 = Release|Any CPU
		{BFFE76A6-7E9D-42FA-AB3A-108BD2125923}.CI|Any CPU.ActiveCfg = Release|Any CPU
		{BFFE76A6-7E9D-42FA-AB3A-108BD2125923}.CI|Any CPU.Build.0 = Release|Any CPU
		{BFFE76A6-7E9D-42FA-AB3A-108BD2125923}.Debug|Any CPU.ActiveCfg = Debug|Any CPU
		{BFFE76A6-7E9D-42FA-AB3A-108BD2125923}.Debug|Any CPU.Build.0 = Debug|Any CPU
		{BFFE76A6-7E9D-42FA-AB3A-108BD2125923}.Release.Public|Any CPU.ActiveCfg = Release|Any CPU
		{BFFE76A6-7E9D-42FA-AB3A-108BD2125923}.Release.Public|Any CPU.Build.0 = Release|Any CPU
		{BFFE76A6-7E9D-42FA-AB3A-108BD2125923}.Release|Any CPU.ActiveCfg = Release|Any CPU
		{BFFE76A6-7E9D-42FA-AB3A-108BD2125923}.Release|Any CPU.Build.0 = Release|Any CPU
		{EF3D84F8-3D64-45D7-9050-3AE204F5AA72}.CI|Any CPU.ActiveCfg = Release|Any CPU
		{EF3D84F8-3D64-45D7-9050-3AE204F5AA72}.CI|Any CPU.Build.0 = Release|Any CPU
		{EF3D84F8-3D64-45D7-9050-3AE204F5AA72}.Debug|Any CPU.ActiveCfg = Debug|Any CPU
		{EF3D84F8-3D64-45D7-9050-3AE204F5AA72}.Debug|Any CPU.Build.0 = Debug|Any CPU
		{EF3D84F8-3D64-45D7-9050-3AE204F5AA72}.Release.Public|Any CPU.ActiveCfg = Release|Any CPU
		{EF3D84F8-3D64-45D7-9050-3AE204F5AA72}.Release.Public|Any CPU.Build.0 = Release|Any CPU
		{EF3D84F8-3D64-45D7-9050-3AE204F5AA72}.Release|Any CPU.ActiveCfg = Release|Any CPU
		{EF3D84F8-3D64-45D7-9050-3AE204F5AA72}.Release|Any CPU.Build.0 = Release|Any CPU
		{E2C5690C-EF80-4AFA-8107-5E58A936B15F}.CI|Any CPU.ActiveCfg = Release|Any CPU
		{E2C5690C-EF80-4AFA-8107-5E58A936B15F}.CI|Any CPU.Build.0 = Release|Any CPU
		{E2C5690C-EF80-4AFA-8107-5E58A936B15F}.Debug|Any CPU.ActiveCfg = Debug|Any CPU
		{E2C5690C-EF80-4AFA-8107-5E58A936B15F}.Debug|Any CPU.Build.0 = Debug|Any CPU
		{E2C5690C-EF80-4AFA-8107-5E58A936B15F}.Release.Public|Any CPU.ActiveCfg = Release|Any CPU
		{E2C5690C-EF80-4AFA-8107-5E58A936B15F}.Release.Public|Any CPU.Build.0 = Release|Any CPU
		{E2C5690C-EF80-4AFA-8107-5E58A936B15F}.Release|Any CPU.ActiveCfg = Release|Any CPU
		{E2C5690C-EF80-4AFA-8107-5E58A936B15F}.Release|Any CPU.Build.0 = Release|Any CPU
		{9408FEDE-8A04-460D-8FD9-1C710C1BAAEB}.CI|Any CPU.ActiveCfg = Release|Any CPU
		{9408FEDE-8A04-460D-8FD9-1C710C1BAAEB}.CI|Any CPU.Build.0 = Release|Any CPU
		{9408FEDE-8A04-460D-8FD9-1C710C1BAAEB}.Debug|Any CPU.ActiveCfg = Debug|Any CPU
		{9408FEDE-8A04-460D-8FD9-1C710C1BAAEB}.Debug|Any CPU.Build.0 = Debug|Any CPU
		{9408FEDE-8A04-460D-8FD9-1C710C1BAAEB}.Release.Public|Any CPU.ActiveCfg = Release|Any CPU
		{9408FEDE-8A04-460D-8FD9-1C710C1BAAEB}.Release.Public|Any CPU.Build.0 = Release|Any CPU
		{9408FEDE-8A04-460D-8FD9-1C710C1BAAEB}.Release|Any CPU.ActiveCfg = Release|Any CPU
		{9408FEDE-8A04-460D-8FD9-1C710C1BAAEB}.Release|Any CPU.Build.0 = Release|Any CPU
		{BA48911F-16A7-4CC7-A04C-6559BAE1F89F}.CI|Any CPU.ActiveCfg = Release|Any CPU
		{BA48911F-16A7-4CC7-A04C-6559BAE1F89F}.CI|Any CPU.Build.0 = Release|Any CPU
		{BA48911F-16A7-4CC7-A04C-6559BAE1F89F}.Debug|Any CPU.ActiveCfg = Debug|Any CPU
		{BA48911F-16A7-4CC7-A04C-6559BAE1F89F}.Debug|Any CPU.Build.0 = Debug|Any CPU
		{BA48911F-16A7-4CC7-A04C-6559BAE1F89F}.Release.Public|Any CPU.ActiveCfg = Release|Any CPU
		{BA48911F-16A7-4CC7-A04C-6559BAE1F89F}.Release.Public|Any CPU.Build.0 = Release|Any CPU
		{BA48911F-16A7-4CC7-A04C-6559BAE1F89F}.Release|Any CPU.ActiveCfg = Release|Any CPU
		{BA48911F-16A7-4CC7-A04C-6559BAE1F89F}.Release|Any CPU.Build.0 = Release|Any CPU
		{EF3BDE7C-A3D5-493A-8817-BF47DF9CAE47}.CI|Any CPU.ActiveCfg = Release|Any CPU
		{EF3BDE7C-A3D5-493A-8817-BF47DF9CAE47}.CI|Any CPU.Build.0 = Release|Any CPU
		{EF3BDE7C-A3D5-493A-8817-BF47DF9CAE47}.Debug|Any CPU.ActiveCfg = Debug|Any CPU
		{EF3BDE7C-A3D5-493A-8817-BF47DF9CAE47}.Debug|Any CPU.Build.0 = Debug|Any CPU
		{EF3BDE7C-A3D5-493A-8817-BF47DF9CAE47}.Release.Public|Any CPU.ActiveCfg = Release|Any CPU
		{EF3BDE7C-A3D5-493A-8817-BF47DF9CAE47}.Release.Public|Any CPU.Build.0 = Release|Any CPU
		{EF3BDE7C-A3D5-493A-8817-BF47DF9CAE47}.Release|Any CPU.ActiveCfg = Release|Any CPU
		{EF3BDE7C-A3D5-493A-8817-BF47DF9CAE47}.Release|Any CPU.Build.0 = Release|Any CPU
		{695F3E2D-2DD0-418F-9805-B6400B6B4466}.CI|Any CPU.ActiveCfg = Release|Any CPU
		{695F3E2D-2DD0-418F-9805-B6400B6B4466}.CI|Any CPU.Build.0 = Release|Any CPU
		{695F3E2D-2DD0-418F-9805-B6400B6B4466}.Debug|Any CPU.ActiveCfg = Debug|Any CPU
		{695F3E2D-2DD0-418F-9805-B6400B6B4466}.Debug|Any CPU.Build.0 = Debug|Any CPU
		{695F3E2D-2DD0-418F-9805-B6400B6B4466}.Release.Public|Any CPU.ActiveCfg = Release|Any CPU
		{695F3E2D-2DD0-418F-9805-B6400B6B4466}.Release.Public|Any CPU.Build.0 = Release|Any CPU
		{695F3E2D-2DD0-418F-9805-B6400B6B4466}.Release|Any CPU.ActiveCfg = Release|Any CPU
		{695F3E2D-2DD0-418F-9805-B6400B6B4466}.Release|Any CPU.Build.0 = Release|Any CPU
		{123D352D-8DDF-49EF-9373-A4523A05DBDA}.CI|Any CPU.ActiveCfg = Release|Any CPU
		{123D352D-8DDF-49EF-9373-A4523A05DBDA}.CI|Any CPU.Build.0 = Release|Any CPU
		{123D352D-8DDF-49EF-9373-A4523A05DBDA}.Debug|Any CPU.ActiveCfg = Debug|Any CPU
		{123D352D-8DDF-49EF-9373-A4523A05DBDA}.Debug|Any CPU.Build.0 = Debug|Any CPU
		{123D352D-8DDF-49EF-9373-A4523A05DBDA}.Release.Public|Any CPU.ActiveCfg = Release|Any CPU
		{123D352D-8DDF-49EF-9373-A4523A05DBDA}.Release.Public|Any CPU.Build.0 = Release|Any CPU
		{123D352D-8DDF-49EF-9373-A4523A05DBDA}.Release|Any CPU.ActiveCfg = Release|Any CPU
		{123D352D-8DDF-49EF-9373-A4523A05DBDA}.Release|Any CPU.Build.0 = Release|Any CPU
		{CD47926F-7148-49A1-AD08-A96B74A3A5F6}.CI|Any CPU.ActiveCfg = Release|Any CPU
		{CD47926F-7148-49A1-AD08-A96B74A3A5F6}.CI|Any CPU.Build.0 = Release|Any CPU
		{CD47926F-7148-49A1-AD08-A96B74A3A5F6}.Debug|Any CPU.ActiveCfg = Debug|Any CPU
		{CD47926F-7148-49A1-AD08-A96B74A3A5F6}.Debug|Any CPU.Build.0 = Debug|Any CPU
		{CD47926F-7148-49A1-AD08-A96B74A3A5F6}.Release.Public|Any CPU.ActiveCfg = Release|Any CPU
		{CD47926F-7148-49A1-AD08-A96B74A3A5F6}.Release.Public|Any CPU.Build.0 = Release|Any CPU
		{CD47926F-7148-49A1-AD08-A96B74A3A5F6}.Release|Any CPU.ActiveCfg = Release|Any CPU
		{CD47926F-7148-49A1-AD08-A96B74A3A5F6}.Release|Any CPU.Build.0 = Release|Any CPU
		{8993AD31-C303-4CA0-92D9-C100585A78E5}.CI|Any CPU.ActiveCfg = Release|Any CPU
		{8993AD31-C303-4CA0-92D9-C100585A78E5}.CI|Any CPU.Build.0 = Release|Any CPU
		{8993AD31-C303-4CA0-92D9-C100585A78E5}.Debug|Any CPU.ActiveCfg = Debug|Any CPU
		{8993AD31-C303-4CA0-92D9-C100585A78E5}.Debug|Any CPU.Build.0 = Debug|Any CPU
		{8993AD31-C303-4CA0-92D9-C100585A78E5}.Release.Public|Any CPU.ActiveCfg = Release|Any CPU
		{8993AD31-C303-4CA0-92D9-C100585A78E5}.Release.Public|Any CPU.Build.0 = Release|Any CPU
		{8993AD31-C303-4CA0-92D9-C100585A78E5}.Release|Any CPU.ActiveCfg = Release|Any CPU
		{8993AD31-C303-4CA0-92D9-C100585A78E5}.Release|Any CPU.Build.0 = Release|Any CPU
		{10258887-3CB5-4877-848B-7D7C45F516D2}.CI|Any CPU.ActiveCfg = Release|Any CPU
		{10258887-3CB5-4877-848B-7D7C45F516D2}.CI|Any CPU.Build.0 = Release|Any CPU
		{10258887-3CB5-4877-848B-7D7C45F516D2}.Debug|Any CPU.ActiveCfg = Debug|Any CPU
		{10258887-3CB5-4877-848B-7D7C45F516D2}.Debug|Any CPU.Build.0 = Debug|Any CPU
		{10258887-3CB5-4877-848B-7D7C45F516D2}.Release.Public|Any CPU.ActiveCfg = Release|Any CPU
		{10258887-3CB5-4877-848B-7D7C45F516D2}.Release.Public|Any CPU.Build.0 = Release|Any CPU
		{10258887-3CB5-4877-848B-7D7C45F516D2}.Release|Any CPU.ActiveCfg = Release|Any CPU
		{10258887-3CB5-4877-848B-7D7C45F516D2}.Release|Any CPU.Build.0 = Release|Any CPU
		{3946F2A8-A530-47CA-A080-A17510F05FD0}.CI|Any CPU.ActiveCfg = Release|Any CPU
		{3946F2A8-A530-47CA-A080-A17510F05FD0}.CI|Any CPU.Build.0 = Release|Any CPU
		{3946F2A8-A530-47CA-A080-A17510F05FD0}.Debug|Any CPU.ActiveCfg = Debug|Any CPU
		{3946F2A8-A530-47CA-A080-A17510F05FD0}.Debug|Any CPU.Build.0 = Debug|Any CPU
		{3946F2A8-A530-47CA-A080-A17510F05FD0}.Release.Public|Any CPU.ActiveCfg = Release|Any CPU
		{3946F2A8-A530-47CA-A080-A17510F05FD0}.Release.Public|Any CPU.Build.0 = Release|Any CPU
		{3946F2A8-A530-47CA-A080-A17510F05FD0}.Release|Any CPU.ActiveCfg = Release|Any CPU
		{3946F2A8-A530-47CA-A080-A17510F05FD0}.Release|Any CPU.Build.0 = Release|Any CPU
		{2A4373DC-DF0F-4119-A8C2-C7CCF16EF314}.CI|Any CPU.ActiveCfg = Release|Any CPU
		{2A4373DC-DF0F-4119-A8C2-C7CCF16EF314}.CI|Any CPU.Build.0 = Release|Any CPU
		{2A4373DC-DF0F-4119-A8C2-C7CCF16EF314}.Debug|Any CPU.ActiveCfg = Debug|Any CPU
		{2A4373DC-DF0F-4119-A8C2-C7CCF16EF314}.Debug|Any CPU.Build.0 = Debug|Any CPU
		{2A4373DC-DF0F-4119-A8C2-C7CCF16EF314}.Release.Public|Any CPU.ActiveCfg = Release|Any CPU
		{2A4373DC-DF0F-4119-A8C2-C7CCF16EF314}.Release.Public|Any CPU.Build.0 = Release|Any CPU
		{2A4373DC-DF0F-4119-A8C2-C7CCF16EF314}.Release|Any CPU.ActiveCfg = Release|Any CPU
		{2A4373DC-DF0F-4119-A8C2-C7CCF16EF314}.Release|Any CPU.Build.0 = Release|Any CPU
		{4DF49869-7BB8-42B1-87AC-C5A5F0B87C54}.CI|Any CPU.ActiveCfg = Release|Any CPU
		{4DF49869-7BB8-42B1-87AC-C5A5F0B87C54}.CI|Any CPU.Build.0 = Release|Any CPU
		{4DF49869-7BB8-42B1-87AC-C5A5F0B87C54}.Debug|Any CPU.ActiveCfg = Debug|Any CPU
		{4DF49869-7BB8-42B1-87AC-C5A5F0B87C54}.Debug|Any CPU.Build.0 = Debug|Any CPU
		{4DF49869-7BB8-42B1-87AC-C5A5F0B87C54}.Release.Public|Any CPU.ActiveCfg = Release|Any CPU
		{4DF49869-7BB8-42B1-87AC-C5A5F0B87C54}.Release.Public|Any CPU.Build.0 = Release|Any CPU
		{4DF49869-7BB8-42B1-87AC-C5A5F0B87C54}.Release|Any CPU.ActiveCfg = Release|Any CPU
		{4DF49869-7BB8-42B1-87AC-C5A5F0B87C54}.Release|Any CPU.Build.0 = Release|Any CPU
		{2D50273B-17BE-4DD4-B747-02884BBACF3A}.CI|Any CPU.ActiveCfg = Release|Any CPU
		{2D50273B-17BE-4DD4-B747-02884BBACF3A}.CI|Any CPU.Build.0 = Release|Any CPU
		{2D50273B-17BE-4DD4-B747-02884BBACF3A}.Debug|Any CPU.ActiveCfg = Debug|Any CPU
		{2D50273B-17BE-4DD4-B747-02884BBACF3A}.Debug|Any CPU.Build.0 = Debug|Any CPU
		{2D50273B-17BE-4DD4-B747-02884BBACF3A}.Release.Public|Any CPU.ActiveCfg = Release|Any CPU
		{2D50273B-17BE-4DD4-B747-02884BBACF3A}.Release.Public|Any CPU.Build.0 = Release|Any CPU
		{2D50273B-17BE-4DD4-B747-02884BBACF3A}.Release|Any CPU.ActiveCfg = Release|Any CPU
		{2D50273B-17BE-4DD4-B747-02884BBACF3A}.Release|Any CPU.Build.0 = Release|Any CPU
		{4E863154-9D48-4023-BB76-8405A98BCAFF}.CI|Any CPU.ActiveCfg = Release|Any CPU
		{4E863154-9D48-4023-BB76-8405A98BCAFF}.CI|Any CPU.Build.0 = Release|Any CPU
		{4E863154-9D48-4023-BB76-8405A98BCAFF}.Debug|Any CPU.ActiveCfg = Debug|Any CPU
		{4E863154-9D48-4023-BB76-8405A98BCAFF}.Debug|Any CPU.Build.0 = Debug|Any CPU
		{4E863154-9D48-4023-BB76-8405A98BCAFF}.Release.Public|Any CPU.ActiveCfg = Release|Any CPU
		{4E863154-9D48-4023-BB76-8405A98BCAFF}.Release.Public|Any CPU.Build.0 = Release|Any CPU
		{4E863154-9D48-4023-BB76-8405A98BCAFF}.Release|Any CPU.ActiveCfg = Release|Any CPU
		{4E863154-9D48-4023-BB76-8405A98BCAFF}.Release|Any CPU.Build.0 = Release|Any CPU
		{86545C4A-5202-4368-B013-EA37615CBD8E}.CI|Any CPU.ActiveCfg = Release|Any CPU
		{86545C4A-5202-4368-B013-EA37615CBD8E}.CI|Any CPU.Build.0 = Release|Any CPU
		{86545C4A-5202-4368-B013-EA37615CBD8E}.Debug|Any CPU.ActiveCfg = Debug|Any CPU
		{86545C4A-5202-4368-B013-EA37615CBD8E}.Debug|Any CPU.Build.0 = Debug|Any CPU
		{86545C4A-5202-4368-B013-EA37615CBD8E}.Release.Public|Any CPU.ActiveCfg = Release|Any CPU
		{86545C4A-5202-4368-B013-EA37615CBD8E}.Release.Public|Any CPU.Build.0 = Release|Any CPU
		{86545C4A-5202-4368-B013-EA37615CBD8E}.Release|Any CPU.ActiveCfg = Release|Any CPU
		{86545C4A-5202-4368-B013-EA37615CBD8E}.Release|Any CPU.Build.0 = Release|Any CPU
		{8C157E84-F635-43D6-AC97-B9FF062D8DBF}.CI|Any CPU.ActiveCfg = Release|Any CPU
		{8C157E84-F635-43D6-AC97-B9FF062D8DBF}.CI|Any CPU.Build.0 = Release|Any CPU
		{8C157E84-F635-43D6-AC97-B9FF062D8DBF}.Debug|Any CPU.ActiveCfg = Debug|Any CPU
		{8C157E84-F635-43D6-AC97-B9FF062D8DBF}.Debug|Any CPU.Build.0 = Debug|Any CPU
		{8C157E84-F635-43D6-AC97-B9FF062D8DBF}.Release.Public|Any CPU.ActiveCfg = Release|Any CPU
		{8C157E84-F635-43D6-AC97-B9FF062D8DBF}.Release.Public|Any CPU.Build.0 = Release|Any CPU
		{8C157E84-F635-43D6-AC97-B9FF062D8DBF}.Release|Any CPU.ActiveCfg = Release|Any CPU
		{8C157E84-F635-43D6-AC97-B9FF062D8DBF}.Release|Any CPU.Build.0 = Release|Any CPU
		{7A5D03B8-72EB-4CD3-A606-BD81FAB083F5}.CI|Any CPU.ActiveCfg = Release|Any CPU
		{7A5D03B8-72EB-4CD3-A606-BD81FAB083F5}.CI|Any CPU.Build.0 = Release|Any CPU
		{7A5D03B8-72EB-4CD3-A606-BD81FAB083F5}.Debug|Any CPU.ActiveCfg = Debug|Any CPU
		{7A5D03B8-72EB-4CD3-A606-BD81FAB083F5}.Debug|Any CPU.Build.0 = Debug|Any CPU
		{7A5D03B8-72EB-4CD3-A606-BD81FAB083F5}.Release.Public|Any CPU.ActiveCfg = Release|Any CPU
		{7A5D03B8-72EB-4CD3-A606-BD81FAB083F5}.Release.Public|Any CPU.Build.0 = Release|Any CPU
		{7A5D03B8-72EB-4CD3-A606-BD81FAB083F5}.Release|Any CPU.ActiveCfg = Release|Any CPU
		{7A5D03B8-72EB-4CD3-A606-BD81FAB083F5}.Release|Any CPU.Build.0 = Release|Any CPU
		{6A15E401-9842-4A7B-A122-2CBF215CD63C}.CI|Any CPU.ActiveCfg = Release|Any CPU
		{6A15E401-9842-4A7B-A122-2CBF215CD63C}.CI|Any CPU.Build.0 = Release|Any CPU
		{6A15E401-9842-4A7B-A122-2CBF215CD63C}.Debug|Any CPU.ActiveCfg = Debug|Any CPU
		{6A15E401-9842-4A7B-A122-2CBF215CD63C}.Debug|Any CPU.Build.0 = Debug|Any CPU
		{6A15E401-9842-4A7B-A122-2CBF215CD63C}.Release.Public|Any CPU.ActiveCfg = Release|Any CPU
		{6A15E401-9842-4A7B-A122-2CBF215CD63C}.Release.Public|Any CPU.Build.0 = Release|Any CPU
		{6A15E401-9842-4A7B-A122-2CBF215CD63C}.Release|Any CPU.ActiveCfg = Release|Any CPU
		{6A15E401-9842-4A7B-A122-2CBF215CD63C}.Release|Any CPU.Build.0 = Release|Any CPU
		{8AE5F3A7-46AA-47C5-8B83-5F028C6AE047}.CI|Any CPU.ActiveCfg = Release|Any CPU
		{8AE5F3A7-46AA-47C5-8B83-5F028C6AE047}.CI|Any CPU.Build.0 = Release|Any CPU
		{8AE5F3A7-46AA-47C5-8B83-5F028C6AE047}.Debug|Any CPU.ActiveCfg = Debug|Any CPU
		{8AE5F3A7-46AA-47C5-8B83-5F028C6AE047}.Debug|Any CPU.Build.0 = Debug|Any CPU
		{8AE5F3A7-46AA-47C5-8B83-5F028C6AE047}.Release.Public|Any CPU.ActiveCfg = Release|Any CPU
		{8AE5F3A7-46AA-47C5-8B83-5F028C6AE047}.Release.Public|Any CPU.Build.0 = Release|Any CPU
		{8AE5F3A7-46AA-47C5-8B83-5F028C6AE047}.Release|Any CPU.ActiveCfg = Release|Any CPU
		{8AE5F3A7-46AA-47C5-8B83-5F028C6AE047}.Release|Any CPU.Build.0 = Release|Any CPU
		{878E7AF6-E270-467D-B282-3EE9B96502B9}.CI|Any CPU.ActiveCfg = Release|Any CPU
		{878E7AF6-E270-467D-B282-3EE9B96502B9}.CI|Any CPU.Build.0 = Release|Any CPU
		{878E7AF6-E270-467D-B282-3EE9B96502B9}.Debug|Any CPU.ActiveCfg = Debug|Any CPU
		{878E7AF6-E270-467D-B282-3EE9B96502B9}.Debug|Any CPU.Build.0 = Debug|Any CPU
		{878E7AF6-E270-467D-B282-3EE9B96502B9}.Release.Public|Any CPU.ActiveCfg = Release|Any CPU
		{878E7AF6-E270-467D-B282-3EE9B96502B9}.Release.Public|Any CPU.Build.0 = Release|Any CPU
		{878E7AF6-E270-467D-B282-3EE9B96502B9}.Release|Any CPU.ActiveCfg = Release|Any CPU
		{878E7AF6-E270-467D-B282-3EE9B96502B9}.Release|Any CPU.Build.0 = Release|Any CPU
		{387E4744-C38A-4F62-A54E-174558AE082D}.CI|Any CPU.ActiveCfg = Release|Any CPU
		{387E4744-C38A-4F62-A54E-174558AE082D}.CI|Any CPU.Build.0 = Release|Any CPU
		{387E4744-C38A-4F62-A54E-174558AE082D}.Debug|Any CPU.ActiveCfg = Debug|Any CPU
		{387E4744-C38A-4F62-A54E-174558AE082D}.Debug|Any CPU.Build.0 = Debug|Any CPU
		{387E4744-C38A-4F62-A54E-174558AE082D}.Release.Public|Any CPU.ActiveCfg = Release|Any CPU
		{387E4744-C38A-4F62-A54E-174558AE082D}.Release.Public|Any CPU.Build.0 = Release|Any CPU
		{387E4744-C38A-4F62-A54E-174558AE082D}.Release|Any CPU.ActiveCfg = Release|Any CPU
		{387E4744-C38A-4F62-A54E-174558AE082D}.Release|Any CPU.Build.0 = Release|Any CPU
		{015FE01C-9F96-42BB-9518-B8A0B112C5E4}.CI|Any CPU.ActiveCfg = Release|Any CPU
		{015FE01C-9F96-42BB-9518-B8A0B112C5E4}.CI|Any CPU.Build.0 = Release|Any CPU
		{015FE01C-9F96-42BB-9518-B8A0B112C5E4}.Debug|Any CPU.ActiveCfg = Debug|Any CPU
		{015FE01C-9F96-42BB-9518-B8A0B112C5E4}.Debug|Any CPU.Build.0 = Debug|Any CPU
		{015FE01C-9F96-42BB-9518-B8A0B112C5E4}.Release.Public|Any CPU.ActiveCfg = Release|Any CPU
		{015FE01C-9F96-42BB-9518-B8A0B112C5E4}.Release.Public|Any CPU.Build.0 = Release|Any CPU
		{015FE01C-9F96-42BB-9518-B8A0B112C5E4}.Release|Any CPU.ActiveCfg = Release|Any CPU
		{015FE01C-9F96-42BB-9518-B8A0B112C5E4}.Release|Any CPU.Build.0 = Release|Any CPU
		{BD8CD908-823C-47EF-A1C2-043A7227730C}.CI|Any CPU.ActiveCfg = Release|Any CPU
		{BD8CD908-823C-47EF-A1C2-043A7227730C}.CI|Any CPU.Build.0 = Release|Any CPU
		{BD8CD908-823C-47EF-A1C2-043A7227730C}.Debug|Any CPU.ActiveCfg = Debug|Any CPU
		{BD8CD908-823C-47EF-A1C2-043A7227730C}.Debug|Any CPU.Build.0 = Debug|Any CPU
		{BD8CD908-823C-47EF-A1C2-043A7227730C}.Release.Public|Any CPU.ActiveCfg = Release|Any CPU
		{BD8CD908-823C-47EF-A1C2-043A7227730C}.Release.Public|Any CPU.Build.0 = Release|Any CPU
		{BD8CD908-823C-47EF-A1C2-043A7227730C}.Release|Any CPU.ActiveCfg = Release|Any CPU
		{BD8CD908-823C-47EF-A1C2-043A7227730C}.Release|Any CPU.Build.0 = Release|Any CPU
		{20BA9D66-D484-4017-8723-776E080E7937}.CI|Any CPU.ActiveCfg = Release|Any CPU
		{20BA9D66-D484-4017-8723-776E080E7937}.CI|Any CPU.Build.0 = Release|Any CPU
		{20BA9D66-D484-4017-8723-776E080E7937}.Debug|Any CPU.ActiveCfg = Debug|Any CPU
		{20BA9D66-D484-4017-8723-776E080E7937}.Debug|Any CPU.Build.0 = Debug|Any CPU
		{20BA9D66-D484-4017-8723-776E080E7937}.Release.Public|Any CPU.ActiveCfg = Release|Any CPU
		{20BA9D66-D484-4017-8723-776E080E7937}.Release.Public|Any CPU.Build.0 = Release|Any CPU
		{20BA9D66-D484-4017-8723-776E080E7937}.Release|Any CPU.ActiveCfg = Release|Any CPU
		{20BA9D66-D484-4017-8723-776E080E7937}.Release|Any CPU.Build.0 = Release|Any CPU
		{9EA0F849-CA4C-4AA0-805A-462CECCF4347}.CI|Any CPU.ActiveCfg = Release|Any CPU
		{9EA0F849-CA4C-4AA0-805A-462CECCF4347}.CI|Any CPU.Build.0 = Release|Any CPU
		{9EA0F849-CA4C-4AA0-805A-462CECCF4347}.Debug|Any CPU.ActiveCfg = Debug|Any CPU
		{9EA0F849-CA4C-4AA0-805A-462CECCF4347}.Debug|Any CPU.Build.0 = Debug|Any CPU
		{9EA0F849-CA4C-4AA0-805A-462CECCF4347}.Release.Public|Any CPU.ActiveCfg = Release|Any CPU
		{9EA0F849-CA4C-4AA0-805A-462CECCF4347}.Release.Public|Any CPU.Build.0 = Release|Any CPU
		{9EA0F849-CA4C-4AA0-805A-462CECCF4347}.Release|Any CPU.ActiveCfg = Release|Any CPU
		{9EA0F849-CA4C-4AA0-805A-462CECCF4347}.Release|Any CPU.Build.0 = Release|Any CPU
		{F25BC404-D8CB-45CB-97D3-8DE0E538F6AC}.CI|Any CPU.ActiveCfg = Release|Any CPU
		{F25BC404-D8CB-45CB-97D3-8DE0E538F6AC}.CI|Any CPU.Build.0 = Release|Any CPU
		{F25BC404-D8CB-45CB-97D3-8DE0E538F6AC}.Debug|Any CPU.ActiveCfg = Debug|Any CPU
		{F25BC404-D8CB-45CB-97D3-8DE0E538F6AC}.Debug|Any CPU.Build.0 = Debug|Any CPU
		{F25BC404-D8CB-45CB-97D3-8DE0E538F6AC}.Release.Public|Any CPU.ActiveCfg = Release|Any CPU
		{F25BC404-D8CB-45CB-97D3-8DE0E538F6AC}.Release.Public|Any CPU.Build.0 = Release|Any CPU
		{F25BC404-D8CB-45CB-97D3-8DE0E538F6AC}.Release|Any CPU.ActiveCfg = Release|Any CPU
		{F25BC404-D8CB-45CB-97D3-8DE0E538F6AC}.Release|Any CPU.Build.0 = Release|Any CPU
		{37E1DC19-363E-49CA-853F-7113075296D7}.CI|Any CPU.ActiveCfg = Release|Any CPU
		{37E1DC19-363E-49CA-853F-7113075296D7}.CI|Any CPU.Build.0 = Release|Any CPU
		{37E1DC19-363E-49CA-853F-7113075296D7}.Debug|Any CPU.ActiveCfg = Debug|Any CPU
		{37E1DC19-363E-49CA-853F-7113075296D7}.Debug|Any CPU.Build.0 = Debug|Any CPU
		{37E1DC19-363E-49CA-853F-7113075296D7}.Release.Public|Any CPU.ActiveCfg = Release|Any CPU
		{37E1DC19-363E-49CA-853F-7113075296D7}.Release.Public|Any CPU.Build.0 = Release|Any CPU
		{37E1DC19-363E-49CA-853F-7113075296D7}.Release|Any CPU.ActiveCfg = Release|Any CPU
		{37E1DC19-363E-49CA-853F-7113075296D7}.Release|Any CPU.Build.0 = Release|Any CPU
		{B51A45E5-2413-4AD6-BC9D-CB00D9540784}.CI|Any CPU.ActiveCfg = Release|Any CPU
		{B51A45E5-2413-4AD6-BC9D-CB00D9540784}.CI|Any CPU.Build.0 = Release|Any CPU
		{B51A45E5-2413-4AD6-BC9D-CB00D9540784}.Debug|Any CPU.ActiveCfg = Debug|Any CPU
		{B51A45E5-2413-4AD6-BC9D-CB00D9540784}.Debug|Any CPU.Build.0 = Debug|Any CPU
		{B51A45E5-2413-4AD6-BC9D-CB00D9540784}.Release.Public|Any CPU.ActiveCfg = Release|Any CPU
		{B51A45E5-2413-4AD6-BC9D-CB00D9540784}.Release.Public|Any CPU.Build.0 = Release|Any CPU
		{B51A45E5-2413-4AD6-BC9D-CB00D9540784}.Release|Any CPU.ActiveCfg = Release|Any CPU
		{B51A45E5-2413-4AD6-BC9D-CB00D9540784}.Release|Any CPU.Build.0 = Release|Any CPU
	EndGlobalSection
	GlobalSection(SolutionProperties) = preSolution
		HideSolutionNode = FALSE
	EndGlobalSection
	GlobalSection(NestedProjects) = preSolution
		{CA3C3D39-6775-4234-B343-38F0724ADCF8} = {0DFA1BB9-74FE-4C63-B8AF-0B312ED992F6}
		{9BEA3809-B6D5-4025-AE7E-868E5E7E9C76} = {0DFA1BB9-74FE-4C63-B8AF-0B312ED992F6}
		{A4DEE358-3203-425C-80E9-8EBA0A01B73F} = {0DFA1BB9-74FE-4C63-B8AF-0B312ED992F6}
		{88DFDF57-A52B-4D71-A0C4-BEF1A3839506} = {0DFA1BB9-74FE-4C63-B8AF-0B312ED992F6}
		{0361910A-7773-4EE9-861B-FFC5636D82D1} = {23C8FECB-C7F3-4FF1-B2FF-8B296420C8CB}
		{BFFE76A6-7E9D-42FA-AB3A-108BD2125923} = {1FB0A4E1-7F94-4FCB-A26B-312A7A3B5036}
		{EF3D84F8-3D64-45D7-9050-3AE204F5AA72} = {23C8FECB-C7F3-4FF1-B2FF-8B296420C8CB}
		{E2C5690C-EF80-4AFA-8107-5E58A936B15F} = {23C8FECB-C7F3-4FF1-B2FF-8B296420C8CB}
		{9408FEDE-8A04-460D-8FD9-1C710C1BAAEB} = {23C8FECB-C7F3-4FF1-B2FF-8B296420C8CB}
		{BA48911F-16A7-4CC7-A04C-6559BAE1F89F} = {23C8FECB-C7F3-4FF1-B2FF-8B296420C8CB}
		{EF3BDE7C-A3D5-493A-8817-BF47DF9CAE47} = {0DFA1BB9-74FE-4C63-B8AF-0B312ED992F6}
		{695F3E2D-2DD0-418F-9805-B6400B6B4466} = {BF2A4AB4-6B8F-4AC1-B90A-4A238B082F85}
		{123D352D-8DDF-49EF-9373-A4523A05DBDA} = {BF2A4AB4-6B8F-4AC1-B90A-4A238B082F85}
		{CD47926F-7148-49A1-AD08-A96B74A3A5F6} = {1FB0A4E1-7F94-4FCB-A26B-312A7A3B5036}
		{8993AD31-C303-4CA0-92D9-C100585A78E5} = {23C8FECB-C7F3-4FF1-B2FF-8B296420C8CB}
		{4B708D47-066F-402E-839A-1318B4AE9009} = {0DFA1BB9-74FE-4C63-B8AF-0B312ED992F6}
		{10258887-3CB5-4877-848B-7D7C45F516D2} = {4B708D47-066F-402E-839A-1318B4AE9009}
		{3946F2A8-A530-47CA-A080-A17510F05FD0} = {4B708D47-066F-402E-839A-1318B4AE9009}
		{2A4373DC-DF0F-4119-A8C2-C7CCF16EF314} = {4B708D47-066F-402E-839A-1318B4AE9009}
		{F4AC123C-9618-4915-B69B-C8319D7AFE6F} = {23C8FECB-C7F3-4FF1-B2FF-8B296420C8CB}
		{4DF49869-7BB8-42B1-87AC-C5A5F0B87C54} = {F4AC123C-9618-4915-B69B-C8319D7AFE6F}
		{2D50273B-17BE-4DD4-B747-02884BBACF3A} = {F4AC123C-9618-4915-B69B-C8319D7AFE6F}
		{4E863154-9D48-4023-BB76-8405A98BCAFF} = {23C8FECB-C7F3-4FF1-B2FF-8B296420C8CB}
		{86545C4A-5202-4368-B013-EA37615CBD8E} = {0DFA1BB9-74FE-4C63-B8AF-0B312ED992F6}
		{8C157E84-F635-43D6-AC97-B9FF062D8DBF} = {6565B5F2-E2BE-4AA3-96C7-352A0C448379}
		{7A5D03B8-72EB-4CD3-A606-BD81FAB083F5} = {6565B5F2-E2BE-4AA3-96C7-352A0C448379}
		{6A15E401-9842-4A7B-A122-2CBF215CD63C} = {6565B5F2-E2BE-4AA3-96C7-352A0C448379}
		{8AE5F3A7-46AA-47C5-8B83-5F028C6AE047} = {6565B5F2-E2BE-4AA3-96C7-352A0C448379}
		{878E7AF6-E270-467D-B282-3EE9B96502B9} = {6565B5F2-E2BE-4AA3-96C7-352A0C448379}
		{387E4744-C38A-4F62-A54E-174558AE082D} = {6565B5F2-E2BE-4AA3-96C7-352A0C448379}
		{015FE01C-9F96-42BB-9518-B8A0B112C5E4} = {6565B5F2-E2BE-4AA3-96C7-352A0C448379}
		{BD8CD908-823C-47EF-A1C2-043A7227730C} = {6565B5F2-E2BE-4AA3-96C7-352A0C448379}
		{20BA9D66-D484-4017-8723-776E080E7937} = {BF2A4AB4-6B8F-4AC1-B90A-4A238B082F85}
		{9EA0F849-CA4C-4AA0-805A-462CECCF4347} = {6565B5F2-E2BE-4AA3-96C7-352A0C448379}
		{F25BC404-D8CB-45CB-97D3-8DE0E538F6AC} = {6565B5F2-E2BE-4AA3-96C7-352A0C448379}
		{37E1DC19-363E-49CA-853F-7113075296D7} = {23C8FECB-C7F3-4FF1-B2FF-8B296420C8CB}
		{B51A45E5-2413-4AD6-BC9D-CB00D9540784} = {6565B5F2-E2BE-4AA3-96C7-352A0C448379}
	EndGlobalSection
EndGlobal
